
Microsoft Visual Studio Solution File, Format Version 12.00
# Visual Studio Version 17
VisualStudioVersion = 17.0.31903.59
MinimumVisualStudioVersion = 10.0.40219.1
Project("{2150E333-8FDC-42A3-9474-1A3956D46DE8}") = "src", "src", "{827E0CD3-B72D-47B6-A68D-7590B98EB39B}"
EndProject
Project("{FAE04EC0-301F-11D3-BF4B-00C04F79EFBC}") = "SurveyApp.Core", "src\SurveyApp.Core\SurveyApp.Core.csproj", "{5ECC505E-11E9-47D4-8798-1842B39A736C}"
EndProject
Project("{FAE04EC0-301F-11D3-BF4B-00C04F79EFBC}") = "SurveyApp.Application", "src\SurveyApp.Application\SurveyApp.Application.csproj", "{7B10FBD8-CDDF-4E4E-BD51-97BB30BE9A5C}"
EndProject
Project("{FAE04EC0-301F-11D3-BF4B-00C04F79EFBC}") = "SurveyApp.Infrastructure", "src\SurveyApp.Infrastructure\SurveyApp.Infrastructure.csproj", "{7241F818-F4A7-4175-9C9D-C58E3B98791D}"
EndProject
Project("{FAE04EC0-301F-11D3-BF4B-00C04F79EFBC}") = "SurveyApp.API", "src\SurveyApp.API\SurveyApp.API.csproj", "{A6B41B37-3E7A-4B3A-8E1A-D84CC2B1B059}"
EndProject
Global
	GlobalSection(SolutionConfigurationPlatforms) = preSolution
		Debug|Any CPU = Debug|Any CPU
		Debug|x64 = Debug|x64
		Debug|x86 = Debug|x86
		Release|Any CPU = Release|Any CPU
		Release|x64 = Release|x64
		Release|x86 = Release|x86
	EndGlobalSection
	GlobalSection(ProjectConfigurationPlatforms) = postSolution
		{5ECC505E-11E9-47D4-8798-1842B39A736C}.Debug|Any CPU.ActiveCfg = Debug|Any CPU
		{5ECC505E-11E9-47D4-8798-1842B39A736C}.Debug|Any CPU.Build.0 = Debug|Any CPU
		{5ECC505E-11E9-47D4-8798-1842B39A736C}.Debug|x64.ActiveCfg = Debug|Any CPU
		{5ECC505E-11E9-47D4-8798-1842B39A736C}.Debug|x64.Build.0 = Debug|Any CPU
		{5ECC505E-11E9-47D4-8798-1842B39A736C}.Debug|x86.ActiveCfg = Debug|Any CPU
		{5ECC505E-11E9-47D4-8798-1842B39A736C}.Debug|x86.Build.0 = Debug|Any CPU
		{5ECC505E-11E9-47D4-8798-1842B39A736C}.Release|Any CPU.ActiveCfg = Release|Any CPU
		{5ECC505E-11E9-47D4-8798-1842B39A736C}.Release|Any CPU.Build.0 = Release|Any CPU
		{5ECC505E-11E9-47D4-8798-1842B39A736C}.Release|x64.ActiveCfg = Release|Any CPU
		{5ECC505E-11E9-47D4-8798-1842B39A736C}.Release|x64.Build.0 = Release|Any CPU
		{5ECC505E-11E9-47D4-8798-1842B39A736C}.Release|x86.ActiveCfg = Release|Any CPU
		{5ECC505E-11E9-47D4-8798-1842B39A736C}.Release|x86.Build.0 = Release|Any CPU
		{7B10FBD8-CDDF-4E4E-BD51-97BB30BE9A5C}.Debug|Any CPU.ActiveCfg = Debug|Any CPU
		{7B10FBD8-CDDF-4E4E-BD51-97BB30BE9A5C}.Debug|Any CPU.Build.0 = Debug|Any CPU
		{7B10FBD8-CDDF-4E4E-BD51-97BB30BE9A5C}.Debug|x64.ActiveCfg = Debug|Any CPU
		{7B10FBD8-CDDF-4E4E-BD51-97BB30BE9A5C}.Debug|x64.Build.0 = Debug|Any CPU
		{7B10FBD8-CDDF-4E4E-BD51-97BB30BE9A5C}.Debug|x86.ActiveCfg = Debug|Any CPU
		{7B10FBD8-CDDF-4E4E-BD51-97BB30BE9A5C}.Debug|x86.Build.0 = Debug|Any CPU
		{7B10FBD8-CDDF-4E4E-BD51-97BB30BE9A5C}.Release|Any CPU.ActiveCfg = Release|Any CPU
		{7B10FBD8-CDDF-4E4E-BD51-97BB30BE9A5C}.Release|Any CPU.Build.0 = Release|Any CPU
		{7B10FBD8-CDDF-4E4E-BD51-97BB30BE9A5C}.Release|x64.ActiveCfg = Release|Any CPU
		{7B10FBD8-CDDF-4E4E-BD51-97BB30BE9A5C}.Release|x64.Build.0 = Release|Any CPU
		{7B10FBD8-CDDF-4E4E-BD51-97BB30BE9A5C}.Release|x86.ActiveCfg = Release|Any CPU
		{7B10FBD8-CDDF-4E4E-BD51-97BB30BE9A5C}.Release|x86.Build.0 = Release|Any CPU
		{7241F818-F4A7-4175-9C9D-C58E3B98791D}.Debug|Any CPU.ActiveCfg = Debug|Any CPU
		{7241F818-F4A7-4175-9C9D-C58E3B98791D}.Debug|Any CPU.Build.0 = Debug|Any CPU
		{7241F818-F4A7-4175-9C9D-C58E3B98791D}.Debug|x64.ActiveCfg = Debug|Any CPU
		{7241F818-F4A7-4175-9C9D-C58E3B98791D}.Debug|x64.Build.0 = Debug|Any CPU
		{7241F818-F4A7-4175-9C9D-C58E3B98791D}.Debug|x86.ActiveCfg = Debug|Any CPU
		{7241F818-F4A7-4175-9C9D-C58E3B98791D}.Debug|x86.Build.0 = Debug|Any CPU
		{7241F818-F4A7-4175-9C9D-C58E3B98791D}.Release|Any CPU.ActiveCfg = Release|Any CPU
		{7241F818-F4A7-4175-9C9D-C58E3B98791D}.Release|Any CPU.Build.0 = Release|Any CPU
		{7241F818-F4A7-4175-9C9D-C58E3B98791D}.Release|x64.ActiveCfg = Release|Any CPU
		{7241F818-F4A7-4175-9C9D-C58E3B98791D}.Release|x64.Build.0 = Release|Any CPU
		{7241F818-F4A7-4175-9C9D-C58E3B98791D}.Release|x86.ActiveCfg = Release|Any CPU
		{7241F818-F4A7-4175-9C9D-C58E3B98791D}.Release|x86.Build.0 = Release|Any CPU
		{A6B41B37-3E7A-4B3A-8E1A-D84CC2B1B059}.Debug|Any CPU.ActiveCfg = Debug|Any CPU
		{A6B41B37-3E7A-4B3A-8E1A-D84CC2B1B059}.Debug|Any CPU.Build.0 = Debug|Any CPU
		{A6B41B37-3E7A-4B3A-8E1A-D84CC2B1B059}.Debug|x64.ActiveCfg = Debug|Any CPU
		{A6B41B37-3E7A-4B3A-8E1A-D84CC2B1B059}.Debug|x64.Build.0 = Debug|Any CPU
		{A6B41B37-3E7A-4B3A-8E1A-D84CC2B1B059}.Debug|x86.ActiveCfg = Debug|Any CPU
		{A6B41B37-3E7A-4B3A-8E1A-D84CC2B1B059}.Debug|x86.Build.0 = Debug|Any CPU
		{A6B41B37-3E7A-4B3A-8E1A-D84CC2B1B059}.Release|Any CPU.ActiveCfg = Release|Any CPU
		{A6B41B37-3E7A-4B3A-8E1A-D84CC2B1B059}.Release|Any CPU.Build.0 = Release|Any CPU
		{A6B41B37-3E7A-4B3A-8E1A-D84CC2B1B059}.Release|x64.ActiveCfg = Release|Any CPU
		{A6B41B37-3E7A-4B3A-8E1A-D84CC2B1B059}.Release|x64.Build.0 = Release|Any CPU
		{A6B41B37-3E7A-4B3A-8E1A-D84CC2B1B059}.Release|x86.ActiveCfg = Release|Any CPU
		{A6B41B37-3E7A-4B3A-8E1A-D84CC2B1B059}.Release|x86.Build.0 = Release|Any CPU
	EndGlobalSection
	GlobalSection(SolutionProperties) = preSolution
		HideSolutionNode = FALSE
	EndGlobalSection
	GlobalSection(NestedProjects) = preSolution
		{5ECC505E-11E9-47D4-8798-1842B39A736C} = {827E0CD3-B72D-47B6-A68D-7590B98EB39B}
		{7B10FBD8-CDDF-4E4E-BD51-97BB30BE9A5C} = {827E0CD3-B72D-47B6-A68D-7590B98EB39B}
		{7241F818-F4A7-4175-9C9D-C58E3B98791D} = {827E0CD3-B72D-47B6-A68D-7590B98EB39B}
		{A6B41B37-3E7A-4B3A-8E1A-D84CC2B1B059} = {827E0CD3-B72D-47B6-A68D-7590B98EB39B}
	EndGlobalSection
EndGlobal
